# THIS IS AN AUTOGENERATED FILE. DO NOT EDIT THIS FILE DIRECTLY.
# yarn lockfile v1


"@miketmoore/maze-generator@1.1.5":
  version "1.1.5"
  resolved "https://registry.yarnpkg.com/@miketmoore/maze-generator/-/maze-generator-1.1.5.tgz#d36262148967436b6677c1f3043731b7ed33aeed"
  integrity sha512-5k540h3PntAoVwE1bYCM1KcQLGpfkiK+vOqyjz64QYgWy6xc1bdhqP/xU0NnfazcQsFsV+w+0vSlK7RZ9cR90w==
